{
  "name": "calendar",
  "version": "1.0.0",
  "lockfileVersion": 1,
  "requires": true,
  "dependencies": {
    "dompurify": {
      "version": "2.4.5",
      "resolved": "https://registry.npmjs.org/dompurify/-/dompurify-2.4.5.tgz",
      "integrity": "sha512-jggCCd+8Iqp4Tsz0nIvpcb22InKEBrGz5dw3EQJMs8HPJDsKbFIO3STYtAvCfDx26Muevn1MHVI0XxjgFfmiSA=="
    },
    "moment": {
      "version": "2.24.0",
      "resolved": "https://registry.npmjs.org/moment/-/moment-2.24.0.tgz",
      "integrity": "sha512-bV7f+6l2QigeBBZSM/6yTNq4P2fNpSWj/0e7jQcy87A8e7o2nAfP/34/2ky5Vw4B9S446EtIhodAzkFCcR4dQg=="
    },
    "tui-calendar": {
      "version": "1.15.3",
      "resolved": "https://registry.npmjs.org/tui-calendar/-/tui-calendar-1.15.3.tgz",
      "integrity": "sha512-S+QxtSPunLUNIX/eHoHcBB9XlPVT15Wh6ItR62n5K/Gq3WeSQdyhdbsuZJYV9z75bgJbFzp6x32v2yEPm6iWrg==",
      "requires": {
        "dompurify": "^2.3.1",
        "tui-code-snippet": "^1.5.0",
        "tui-date-picker": "^4.3.0",
        "tui-time-picker": "^2.1.4"
      }
    },
    "tui-code-snippet": {
      "version": "1.5.2",
      "resolved": "https://registry.npmjs.org/tui-code-snippet/-/tui-code-snippet-1.5.2.tgz",
      "integrity": "sha512-6UqTlQaaC1KLcmC0HAoq5dtl1G4Fib+R+NC7pmaV7kiIlZ7JqKhUmnOoGRcreAyzd81UTK/vCvhrw9QJskpCFQ=="
    },
    "tui-date-picker": {
      "version": "4.3.3",
      "resolved": "https://registry.npmjs.org/tui-date-picker/-/tui-date-picker-4.3.3.tgz",
      "integrity": "sha512-/2YoLnj5c1e+Ag1ZZYOgzEs2o0v7Ol7c5UAnBj438zGlkwkMxyH0HwP2pVqqIYX05WE7K0+6nTWVMybS8otBgw==",
      "requires": {
        "tui-time-picker": "^2.1.6"
      }
    },
    "tui-time-picker": {
      "version": "2.1.6",
      "resolved": "https://registry.npmjs.org/tui-time-picker/-/tui-time-picker-2.1.6.tgz",
      "integrity": "sha512-4Jmo3wjGS+Ii4/qQgt5DaFEohHpB3U6BzWeTODVVFHD9sx3NOsbomY9K0xMobSLODi+tQEH7wfOtNU0IJmcQ6Q=="
    }
  }
}
